
Microsoft Visual Studio Solution File, Format Version 12.00
# Visual Studio 15
VisualStudioVersion = 15.0.28307.779
MinimumVisualStudioVersion = 10.0.40219.1
Project("{9A19103F-16F7-4668-BE54-9A1E7A4F7556}") = "PowerSharp", "Src\PowerSharp\PowerSharp.csproj", "{6AE16E19-E4AA-41D6-B06F-A306AF8AA20E}"
EndProject
Project("{FAE04EC0-301F-11D3-BF4B-00C04F79EFBC}") = "PowerSharp.Tests", "Tests\PowerSharp.Tests.csproj", "{52423502-A9A3-4D31-97CB-F5BDA3533283}"
EndProject
Project("{2150E333-8FDC-42A3-9474-1A3956D46DE8}") = "Solution Items", "Solution Items", "{64BD1684-61A3-4608-AA5C-8DC5E32D8738}"
	ProjectSection(SolutionItems) = preProject
		Plugins\plugin.nuspec = Plugins\plugin.nuspec
	EndProjectSection
EndProject
Global
	GlobalSection(SolutionConfigurationPlatforms) = preSolution
		Debug|Any CPU = Debug|Any CPU
		Release and Deployment|Any CPU = Release and Deployment|Any CPU
		Release|Any CPU = Release|Any CPU
	EndGlobalSection
	GlobalSection(ProjectConfigurationPlatforms) = postSolution
		{6AE16E19-E4AA-41D6-B06F-A306AF8AA20E}.Debug|Any CPU.ActiveCfg = Debug|Any CPU
		{6AE16E19-E4AA-41D6-B06F-A306AF8AA20E}.Debug|Any CPU.Build.0 = Debug|Any CPU
		{6AE16E19-E4AA-41D6-B06F-A306AF8AA20E}.Release and Deployment|Any CPU.ActiveCfg = Release and Deployment|Any CPU
		{6AE16E19-E4AA-41D6-B06F-A306AF8AA20E}.Release and Deployment|Any CPU.Build.0 = Release and Deployment|Any CPU
		{6AE16E19-E4AA-41D6-B06F-A306AF8AA20E}.Release|Any CPU.ActiveCfg = Release|Any CPU
		{6AE16E19-E4AA-41D6-B06F-A306AF8AA20E}.Release|Any CPU.Build.0 = Release|Any CPU
		{52423502-A9A3-4D31-97CB-F5BDA3533283}.Debug|Any CPU.ActiveCfg = Debug|Any CPU
		{52423502-A9A3-4D31-97CB-F5BDA3533283}.Debug|Any CPU.Build.0 = Debug|Any CPU
		{52423502-A9A3-4D31-97CB-F5BDA3533283}.Release and Deployment|Any CPU.ActiveCfg = Release|Any CPU
		{52423502-A9A3-4D31-97CB-F5BDA3533283}.Release|Any CPU.ActiveCfg = Release|Any CPU
		{52423502-A9A3-4D31-97CB-F5BDA3533283}.Release|Any CPU.Build.0 = Release|Any CPU
	EndGlobalSection
	GlobalSection(SolutionProperties) = preSolution
		HideSolutionNode = FALSE
	EndGlobalSection
	GlobalSection(ExtensibilityGlobals) = postSolution
		SolutionGuid = {C309A8C2-B693-4EC9-9C0A-9ACBF221B788}
	EndGlobalSection
EndGlobal
